
Microsoft Visual Studio Solution File, Format Version 12.00
# Visual Studio Version 17
VisualStudioVersion = 17.8.34408.163
MinimumVisualStudioVersion = 10.0.40219.1
Project("{9A19103F-16F7-4668-BE54-9A1E7A4F7556}") = "Mission6_Takaku", "Mission6_Takaku\Mission6_Takaku.csproj", "{3487F3F3-C85F-4031-8561-B0902F584495}"
EndProject
Global
	GlobalSection(SolutionConfigurationPlatforms) = preSolution
		Debug|Any CPU = Debug|Any CPU
		Release|Any CPU = Release|Any CPU
	EndGlobalSection
	GlobalSection(ProjectConfigurationPlatforms) = postSolution
		{3487F3F3-C85F-4031-8561-B0902F584495}.Debug|Any CPU.ActiveCfg = Debug|Any CPU
		{3487F3F3-C85F-4031-8561-B0902F584495}.Debug|Any CPU.Build.0 = Debug|Any CPU
		{3487F3F3-C85F-4031-8561-B0902F584495}.Release|Any CPU.ActiveCfg = Release|Any CPU
		{3487F3F3-C85F-4031-8561-B0902F584495}.Release|Any CPU.Build.0 = Release|Any CPU
	EndGlobalSection
	GlobalSection(SolutionProperties) = preSolution
		HideSolutionNode = FALSE
	EndGlobalSection
	GlobalSection(ExtensibilityGlobals) = postSolution
		SolutionGuid = {1B50D6D7-62DF-4FF7-A849-C0A47B9E3EDA}
	EndGlobalSection
EndGlobal
